
Microsoft Visual Studio Solution File, Format Version 12.00
# Visual Studio Version 17
VisualStudioVersion = 17.4.33110.190
MinimumVisualStudioVersion = 10.0.40219.1
Project("{FAE04EC0-301F-11D3-BF4B-00C04F79EFBC}") = "PetStore.Api.Test", "PetStore.Test\PetStore.Api.Test.csproj", "{52C6BDB6-C0F8-4693-98C0-914426E39242}"
EndProject
Project("{FAE04EC0-301F-11D3-BF4B-00C04F79EFBC}") = "PetStore.Api", "PetStore.Api\PetStore.Api.csproj", "{0AEFC6D6-C3DB-4B0B-ADC6-2DE9CAC85970}"
EndProject
Global
	GlobalSection(SolutionConfigurationPlatforms) = preSolution
		Debug|Any CPU = Debug|Any CPU
		Release|Any CPU = Release|Any CPU
	EndGlobalSection
	GlobalSection(ProjectConfigurationPlatforms) = postSolution
		{52C6BDB6-C0F8-4693-98C0-914426E39242}.Debug|Any CPU.ActiveCfg = Debug|Any CPU
		{52C6BDB6-C0F8-4693-98C0-914426E39242}.Debug|Any CPU.Build.0 = Debug|Any CPU
		{52C6BDB6-C0F8-4693-98C0-914426E39242}.Release|Any CPU.ActiveCfg = Release|Any CPU
		{52C6BDB6-C0F8-4693-98C0-914426E39242}.Release|Any CPU.Build.0 = Release|Any CPU
		{0AEFC6D6-C3DB-4B0B-ADC6-2DE9CAC85970}.Debug|Any CPU.ActiveCfg = Debug|Any CPU
		{0AEFC6D6-C3DB-4B0B-ADC6-2DE9CAC85970}.Debug|Any CPU.Build.0 = Debug|Any CPU
		{0AEFC6D6-C3DB-4B0B-ADC6-2DE9CAC85970}.Release|Any CPU.ActiveCfg = Release|Any CPU
		{0AEFC6D6-C3DB-4B0B-ADC6-2DE9CAC85970}.Release|Any CPU.Build.0 = Release|Any CPU
	EndGlobalSection
	GlobalSection(SolutionProperties) = preSolution
		HideSolutionNode = FALSE
	EndGlobalSection
	GlobalSection(ExtensibilityGlobals) = postSolution
		SolutionGuid = {14DA4E0D-3ABD-4B13-811B-F321095CCB6A}
	EndGlobalSection
EndGlobal
